
Microsoft Visual Studio Solution File, Format Version 12.00
# Visual Studio Version 16
VisualStudioVersion = 16.0.29728.190
MinimumVisualStudioVersion = 10.0.40219.1
Project("{2150E333-8FDC-42A3-9474-1A3956D46DE8}") = "Contexts", "Contexts", "{DA850A05-CE02-4929-B583-F8F6E42482C7}"
EndProject
Project("{2150E333-8FDC-42A3-9474-1A3956D46DE8}") = "Basket", "Basket", "{495D7C2A-F1B5-459E-955E-BE5302BB050F}"
EndProject
Project("{2150E333-8FDC-42A3-9474-1A3956D46DE8}") = "Applications", "Applications", "{B5581F10-6B8C-4FF0-8190-F15EC2401631}"
EndProject
Project("{2150E333-8FDC-42A3-9474-1A3956D46DE8}") = "Domain", "Domain", "{CD58E233-E690-4074-844C-09EE929B3178}"
EndProject
Project("{2150E333-8FDC-42A3-9474-1A3956D46DE8}") = "Presentation", "Presentation", "{48905613-58A4-4128-8EDA-2121CBF73027}"
EndProject
Project("{2150E333-8FDC-42A3-9474-1A3956D46DE8}") = "Catalog", "Catalog", "{A65E4799-FD47-4C32-9A1F-D7EE06B7621E}"
EndProject
Project("{2150E333-8FDC-42A3-9474-1A3956D46DE8}") = "Applications", "Applications", "{C49D8BBF-59E3-4DD3-943C-0DB776FDD9DF}"
EndProject
Project("{2150E333-8FDC-42A3-9474-1A3956D46DE8}") = "Domain", "Domain", "{5BA93D3D-814F-4642-8FCE-20BA5A12F723}"
EndProject
Project("{2150E333-8FDC-42A3-9474-1A3956D46DE8}") = "Presentation", "Presentation", "{C22D5624-676F-4C4A-89CB-628F7168C9F2}"
EndProject
Project("{2150E333-8FDC-42A3-9474-1A3956D46DE8}") = "Identity", "Identity", "{420E428A-C31D-4528-8BD8-6152E0EE5937}"
EndProject
Project("{2150E333-8FDC-42A3-9474-1A3956D46DE8}") = "Applications", "Applications", "{96856DD7-D249-4A03-BE71-746E974B1713}"
EndProject
Project("{2150E333-8FDC-42A3-9474-1A3956D46DE8}") = "Domain", "Domain", "{EECF3AE9-7073-4149-AEE6-B30C185E5CEE}"
EndProject
Project("{2150E333-8FDC-42A3-9474-1A3956D46DE8}") = "Presentation", "Presentation", "{F85BC3EC-0710-4790-A542-3FEAAB157913}"
EndProject
Project("{2150E333-8FDC-42A3-9474-1A3956D46DE8}") = "Location", "Location", "{47DC6ADA-C2B0-4DCA-8F13-2305B854A125}"
EndProject
Project("{2150E333-8FDC-42A3-9474-1A3956D46DE8}") = "Applications", "Applications", "{1FE2BBB4-F76D-4BDA-8E3C-3EE8238182E3}"
EndProject
Project("{2150E333-8FDC-42A3-9474-1A3956D46DE8}") = "Domain", "Domain", "{2038227E-0670-4ECF-93B2-9B3E9B217841}"
EndProject
Project("{2150E333-8FDC-42A3-9474-1A3956D46DE8}") = "Presentation", "Presentation", "{93BDE6D2-FDB2-4DD0-9188-1B622F8A4217}"
EndProject
Project("{2150E333-8FDC-42A3-9474-1A3956D46DE8}") = "Marketing", "Marketing", "{2BAF0445-EA4D-408E-A59D-ABCF5014A954}"
EndProject
Project("{2150E333-8FDC-42A3-9474-1A3956D46DE8}") = "Applications", "Applications", "{886A5089-36F0-4419-AF0A-1D240C30F4A3}"
EndProject
Project("{2150E333-8FDC-42A3-9474-1A3956D46DE8}") = "Domain", "Domain", "{ABE1D4D6-08AC-411F-8CED-F5B689769B32}"
EndProject
Project("{2150E333-8FDC-42A3-9474-1A3956D46DE8}") = "Presentation", "Presentation", "{5E9DB0E7-3B32-48C0-9889-0D4F271804DE}"
EndProject
Project("{2150E333-8FDC-42A3-9474-1A3956D46DE8}") = "Ordering", "Ordering", "{A8241C9E-0452-4E85-B8E3-246CF4E9FAA0}"
EndProject
Project("{2150E333-8FDC-42A3-9474-1A3956D46DE8}") = "Applications", "Applications", "{F4049CBB-4735-4BEF-99E5-E49EC494F41C}"
EndProject
Project("{2150E333-8FDC-42A3-9474-1A3956D46DE8}") = "Domain", "Domain", "{5305EA5C-8C99-4B17-B19E-4C4C12B98045}"
EndProject
Project("{2150E333-8FDC-42A3-9474-1A3956D46DE8}") = "Presentation", "Presentation", "{EC951EAD-3F42-4983-B0E2-DD66E15944C7}"
EndProject
Project("{2150E333-8FDC-42A3-9474-1A3956D46DE8}") = "Payment", "Payment", "{F04D5FB8-0F66-4CB6-A1CB-5E7233E06A8A}"
EndProject
Project("{2150E333-8FDC-42A3-9474-1A3956D46DE8}") = "Applications", "Applications", "{2A8C2A7F-90CC-4640-A99B-C6D240DCDD21}"
EndProject
Project("{2150E333-8FDC-42A3-9474-1A3956D46DE8}") = "Domain", "Domain", "{BEB0503A-0C64-4C2B-B078-926470B83ABB}"
EndProject
Project("{2150E333-8FDC-42A3-9474-1A3956D46DE8}") = "Presentation", "Presentation", "{4DE5E812-850D-47D8-90AC-2A853D399947}"
EndProject
Project("{9A19103F-16F7-4668-BE54-9A1E7A4F7556}") = "Infrastructure", "src\Infrastructure\Infrastructure.csproj", "{FE991B35-C906-4EBD-8C0B-76C3E1299E03}"
EndProject
Project("{9A19103F-16F7-4668-BE54-9A1E7A4F7556}") = "Basket.Domain.Handlers", "src\Contexts\Basket\Domain\Handlers\Basket.Domain.Handlers.csproj", "{554E65A4-012E-48BA-A8A8-A330AA40D160}"
EndProject
Project("{9A19103F-16F7-4668-BE54-9A1E7A4F7556}") = "Basket.Domain.Entities", "src\Contexts\Basket\Domain\Entities\Basket.Domain.Entities.csproj", "{B2A1CCAA-1183-48C1-8E66-2C0E088F3C46}"
EndProject
Project("{9A19103F-16F7-4668-BE54-9A1E7A4F7556}") = "Basket.Language", "src\Contexts\Basket\Language\Basket.Language.csproj", "{B507BF61-820E-40BE-B395-A065A30E9F48}"
EndProject
Project("{9A19103F-16F7-4668-BE54-9A1E7A4F7556}") = "Basket.Presentation.ServiceStack", "src\Contexts\Basket\Presentation\ServiceStack\Basket.Presentation.ServiceStack.csproj", "{F217B750-6FDC-4258-8179-8DCB57EDF5DB}"
EndProject
Project("{9A19103F-16F7-4668-BE54-9A1E7A4F7556}") = "Catalog.Domain.Handlers", "src\Contexts\Catalog\Domain\Handlers\Catalog.Domain.Handlers.csproj", "{7EA459D7-C1C6-43AF-B05B-A9BC6D310B13}"
EndProject
Project("{9A19103F-16F7-4668-BE54-9A1E7A4F7556}") = "Catalog.Domain.Entities", "src\Contexts\Catalog\Domain\Entities\Catalog.Domain.Entities.csproj", "{555FF48B-0E66-406D-AB7F-FAD4E2D733B8}"
EndProject
Project("{9A19103F-16F7-4668-BE54-9A1E7A4F7556}") = "Catalog.Language", "src\Contexts\Catalog\Language\Catalog.Language.csproj", "{0C6D93D6-908A-4CAB-9394-6C140F8874C8}"
EndProject
Project("{9A19103F-16F7-4668-BE54-9A1E7A4F7556}") = "Catalog.Presentation.ServiceStack", "src\Contexts\Catalog\Presentation\ServiceStack\Catalog.Presentation.ServiceStack.csproj", "{D71B2A35-FA4F-445E-B037-FFBBDF16712B}"
EndProject
Project("{9A19103F-16F7-4668-BE54-9A1E7A4F7556}") = "Identity.Domain.Entities", "src\Contexts\Identity\Domain\Entities\Identity.Domain.Entities.csproj", "{32365E26-0A6A-4A38-87F2-448CD3DD0109}"
EndProject
Project("{9A19103F-16F7-4668-BE54-9A1E7A4F7556}") = "Identity.Domain.Handlers", "src\Contexts\Identity\Domain\Handlers\Identity.Domain.Handlers.csproj", "{DA4A2ECC-C7D2-42C4-B45D-FF5625C0987F}"
EndProject
Project("{9A19103F-16F7-4668-BE54-9A1E7A4F7556}") = "Identity.Presentation.ServiceStack", "src\Contexts\Identity\Presentation\ServiceStack\Identity.Presentation.ServiceStack.csproj", "{892302F8-0ED6-4576-943A-AA64E0C0EF6E}"
EndProject
Project("{9A19103F-16F7-4668-BE54-9A1E7A4F7556}") = "Identity.Language", "src\Contexts\Identity\Language\Identity.Language.csproj", "{19081293-5EEB-4D56-B22B-A7BA8BA283BD}"
EndProject
Project("{9A19103F-16F7-4668-BE54-9A1E7A4F7556}") = "Location.Domain.Entities", "src\Contexts\Location\Domain\Entities\Location.Domain.Entities.csproj", "{93BC5D37-8AC2-4D0C-A151-1918E9DC692C}"
EndProject
Project("{9A19103F-16F7-4668-BE54-9A1E7A4F7556}") = "Location.Domain.Handlers", "src\Contexts\Location\Domain\Handlers\Location.Domain.Handlers.csproj", "{3854409B-CA8B-40C8-922E-3DD724018796}"
EndProject
Project("{9A19103F-16F7-4668-BE54-9A1E7A4F7556}") = "Location.Presentation.ServiceStack", "src\Contexts\Location\Presentation\ServiceStack\Location.Presentation.ServiceStack.csproj", "{9CE8ADA2-F197-4B41-BFE0-C0B397E3BB3F}"
EndProject
Project("{9A19103F-16F7-4668-BE54-9A1E7A4F7556}") = "Location.Language", "src\Contexts\Location\Language\Location.Language.csproj", "{3069AD43-D623-4382-BF9E-63B4B7939E01}"
EndProject
Project("{9A19103F-16F7-4668-BE54-9A1E7A4F7556}") = "Marketing.Language", "src\Contexts\Marketing\Language\Marketing.Language.csproj", "{0D8F55D6-4598-4E90-9916-20342B2FA6EA}"
EndProject
Project("{9A19103F-16F7-4668-BE54-9A1E7A4F7556}") = "Marketing.Domain.Handlers", "src\Contexts\Marketing\Domain\Handlers\Marketing.Domain.Handlers.csproj", "{F737A910-8C3C-43F7-8306-C6881C48A2DE}"
EndProject
Project("{9A19103F-16F7-4668-BE54-9A1E7A4F7556}") = "Marketing.Domain.Entities", "src\Contexts\Marketing\Domain\Entities\Marketing.Domain.Entities.csproj", "{D907F992-001E-494A-9013-B078BB997EFC}"
EndProject
Project("{9A19103F-16F7-4668-BE54-9A1E7A4F7556}") = "Marketing.Presentation.ServiceStack", "src\Contexts\Marketing\Presentation\ServiceStack\Marketing.Presentation.ServiceStack.csproj", "{F0C60424-BB5A-40F9-8D4E-A71DDB89590A}"
EndProject
Project("{9A19103F-16F7-4668-BE54-9A1E7A4F7556}") = "Ordering.Language", "src\Contexts\Ordering\Language\Ordering.Language.csproj", "{20BA7A09-093A-4542-B92B-44EBB583E95A}"
EndProject
Project("{9A19103F-16F7-4668-BE54-9A1E7A4F7556}") = "Ordering.Domain.Entities", "src\Contexts\Ordering\Domain\Entities\Ordering.Domain.Entities.csproj", "{7605C676-A389-4C8A-9689-9D8EAF38FA83}"
EndProject
Project("{9A19103F-16F7-4668-BE54-9A1E7A4F7556}") = "Ordering.Domain.Handlers", "src\Contexts\Ordering\Domain\Handlers\Ordering.Domain.Handlers.csproj", "{51CFE7A5-7AB9-4F9A-BC8D-B6C4722260EA}"
EndProject
Project("{9A19103F-16F7-4668-BE54-9A1E7A4F7556}") = "Ordering.Presentation.ServiceStack", "src\Contexts\Ordering\Presentation\ServiceStack\Ordering.Presentation.ServiceStack.csproj", "{D5A17A6F-E20A-4ABE-9944-13C01842D9A4}"
EndProject
Project("{9A19103F-16F7-4668-BE54-9A1E7A4F7556}") = "Payment.Language", "src\Contexts\Payment\Language\Payment.Language.csproj", "{FE108B14-FC55-40F9-97A7-4F2AB1CABDAB}"
EndProject
Project("{9A19103F-16F7-4668-BE54-9A1E7A4F7556}") = "Payment.Presentation.ServiceStack", "src\Contexts\Payment\Presentation\ServiceStack\Payment.Presentation.ServiceStack.csproj", "{B40083FE-4EAA-4CF6-9DF3-2D32C29C3917}"
EndProject
Project("{9A19103F-16F7-4668-BE54-9A1E7A4F7556}") = "Payment.Domain.Entities", "src\Contexts\Payment\Domain\Entities\Payment.Domain.Entities.csproj", "{7BD04F0C-D516-4732-89C0-F740413F2AB7}"
EndProject
Project("{9A19103F-16F7-4668-BE54-9A1E7A4F7556}") = "Payment.Domain.Handlers", "src\Contexts\Payment\Domain\Handlers\Payment.Domain.Handlers.csproj", "{5728E517-8030-4A93-8E6E-D96B0B0F4384}"
EndProject
Project("{9A19103F-16F7-4668-BE54-9A1E7A4F7556}") = "Basket.Applications.MongoDb", "src\Contexts\Basket\Applications\MongoDb\Basket.Applications.MongoDb.csproj", "{CE577103-668E-4720-8D22-806815F548EE}"
EndProject
Project("{9A19103F-16F7-4668-BE54-9A1E7A4F7556}") = "Catalog.Applications.MongoDb", "src\Contexts\Catalog\Applications\MongoDb\Catalog.Applications.MongoDb.csproj", "{5E573295-7D9C-43DB-8CBA-93851DA658E8}"
EndProject
Project("{9A19103F-16F7-4668-BE54-9A1E7A4F7556}") = "Catalog.Applications.Elastic", "src\Contexts\Catalog\Applications\Elastic\Catalog.Applications.Elastic.csproj", "{9CCE523D-BA54-42FE-A5DD-9F582E837AA6}"
EndProject
Project("{9A19103F-16F7-4668-BE54-9A1E7A4F7556}") = "Identity.Applications.Elastic", "src\Contexts\Identity\Applications\Elastic\Identity.Applications.Elastic.csproj", "{7A144A06-1FE9-45AC-85DC-B277919BA575}"
EndProject
Project("{9A19103F-16F7-4668-BE54-9A1E7A4F7556}") = "Identity.Applications.MongoDb", "src\Contexts\Identity\Applications\MongoDb\Identity.Applications.MongoDb.csproj", "{97A48093-52BD-47AE-9DCF-4647DD369E75}"
EndProject
Project("{9A19103F-16F7-4668-BE54-9A1E7A4F7556}") = "Location.Applications.Elastic", "src\Contexts\Location\Applications\Elastic\Location.Applications.Elastic.csproj", "{06DDA9C0-7BA0-4491-A4AA-9F6950630C60}"
EndProject
Project("{9A19103F-16F7-4668-BE54-9A1E7A4F7556}") = "Location.Applications.MongoDb", "src\Contexts\Location\Applications\MongoDb\Location.Applications.MongoDb.csproj", "{72922C23-0B21-479D-A476-A7EB171E2EEE}"
EndProject
Project("{9A19103F-16F7-4668-BE54-9A1E7A4F7556}") = "Marketing.Applications.Elastic", "src\Contexts\Marketing\Applications\Elastic\Marketing.Applications.Elastic.csproj", "{172C7D24-0F4B-426E-9DD1-6B986324EEDE}"
EndProject
Project("{9A19103F-16F7-4668-BE54-9A1E7A4F7556}") = "Marketing.Applications.MongoDb", "src\Contexts\Marketing\Applications\MongoDb\Marketing.Applications.MongoDb.csproj", "{DB51522F-554B-4C84-BBDD-2B4766769D80}"
EndProject
Project("{9A19103F-16F7-4668-BE54-9A1E7A4F7556}") = "Ordering.Applications.Elastic", "src\Contexts\Ordering\Applications\Elastic\Ordering.Applications.Elastic.csproj", "{160E4D22-EA39-4E5B-92F8-2544D8104B45}"
EndProject
Project("{9A19103F-16F7-4668-BE54-9A1E7A4F7556}") = "Ordering.Applications.MongoDb", "src\Contexts\Ordering\Applications\MongoDb\Ordering.Applications.MongoDb.csproj", "{6F173834-2CE8-42D1-A999-19CD38F7A44D}"
EndProject
Project("{2150E333-8FDC-42A3-9474-1A3956D46DE8}") = "Endpoints", "Endpoints", "{E0AE71BF-B993-400C-80CE-3EDBCDA5B0A2}"
EndProject
Project("{9A19103F-16F7-4668-BE54-9A1E7A4F7556}") = "Domain", "src\Endpoints\Domain\Domain.csproj", "{A0D40FBA-F864-4E10-8FA2-1CD784B9371F}"
EndProject
Project("{9A19103F-16F7-4668-BE54-9A1E7A4F7556}") = "Elastic", "src\Endpoints\Elastic\Elastic.csproj", "{FCF4247A-7D6D-4CC5-BD30-6B994130B6CE}"
EndProject
Project("{9A19103F-16F7-4668-BE54-9A1E7A4F7556}") = "MongoDb", "src\Endpoints\MongoDb\MongoDb.csproj", "{1AE7B3A7-E3BA-41D4-AF17-6114798C7680}"
EndProject
Project("{9A19103F-16F7-4668-BE54-9A1E7A4F7556}") = "Presentation", "src\Endpoints\Presentation\Presentation.csproj", "{496F20A0-3AA1-4C9C-BFBE-A9ACA215961B}"
EndProject
Project("{2150E333-8FDC-42A3-9474-1A3956D46DE8}") = "Configuration", "Configuration", "{EDB559B7-2629-4651-A896-57D227818E39}"
EndProject
Project("{2150E333-8FDC-42A3-9474-1A3956D46DE8}") = "Applications", "Applications", "{4B8385F7-265A-4CBD-9663-4FEBC57B83AF}"
EndProject
Project("{2150E333-8FDC-42A3-9474-1A3956D46DE8}") = "Domain", "Domain", "{6A958E6B-6017-4716-BFAC-557035213FE4}"
EndProject
Project("{2150E333-8FDC-42A3-9474-1A3956D46DE8}") = "Presentation", "Presentation", "{71F2EB8D-5857-497F-AE54-E4DA2F8A112D}"
EndProject
Project("{9A19103F-16F7-4668-BE54-9A1E7A4F7556}") = "Configuration.Language", "src\Contexts\Configuration\Language\Configuration.Language.csproj", "{2C6647A2-0B7B-4C67-836D-CDC3D8E3CB52}"
EndProject
Project("{9A19103F-16F7-4668-BE54-9A1E7A4F7556}") = "Configuration.Presentation.ServiceStack", "src\Contexts\Configuration\Presentation\ServiceStack\Configuration.Presentation.ServiceStack.csproj", "{6893AF33-F54C-4830-A068-4FCA8B78F9C7}"
EndProject
Project("{9A19103F-16F7-4668-BE54-9A1E7A4F7556}") = "Configuration.Domain.Entities", "src\Contexts\Configuration\Domain\Entities\Configuration.Domain.Entities.csproj", "{EF651CC1-48E8-499A-B82E-CD55C1E12D7E}"
EndProject
Project("{9A19103F-16F7-4668-BE54-9A1E7A4F7556}") = "Configuration.Domain.Handlers", "src\Contexts\Configuration\Domain\Handlers\Configuration.Domain.Handlers.csproj", "{7B5865EC-B525-45C6-A59F-42252D1EEA30}"
EndProject
Project("{9A19103F-16F7-4668-BE54-9A1E7A4F7556}") = "Configuration.Applications.MongoDb", "src\Contexts\Configuration\Applications\MongoDb\Configuration.Applications.MongoDb.csproj", "{3C1B9076-B2B9-46C8-973D-0CA3A3B5B807}"
EndProject
Project("{9A19103F-16F7-4668-BE54-9A1E7A4F7556}") = "Basket.Applications.Elastic", "src\Contexts\Basket\Applications\Elastic\Basket.Applications.Elastic.csproj", "{39451D67-1653-4842-9B25-C2737D7A660F}"
EndProject
Project("{9A19103F-16F7-4668-BE54-9A1E7A4F7556}") = "Payment.Applications.Elastic", "src\Contexts\Payment\Applications\Elastic\Payment.Applications.Elastic.csproj", "{6EC798D4-8557-46ED-8A3D-396FB3C3D8C6}"
EndProject
Project("{9A19103F-16F7-4668-BE54-9A1E7A4F7556}") = "Catalog.Domain.Tests", "src\Contexts\Catalog\Domain\Tests\Catalog.Domain.Tests.csproj", "{26748662-FB09-469E-B405-149FB5F57E9E}"
EndProject
Project("{9A19103F-16F7-4668-BE54-9A1E7A4F7556}") = "Basket.Domain.Tests", "src\Contexts\Basket\Domain\Tests\Basket.Domain.Tests.csproj", "{63E49985-9DEC-4D2B-BDE1-24D62F9C33FF}"
EndProject
Project("{9A19103F-16F7-4668-BE54-9A1E7A4F7556}") = "Identity.Domain.Tests", "src\Contexts\Identity\Domain\Tests\Identity.Domain.Tests.csproj", "{C8A59E14-89E9-453C-AC3E-98EDD51F0FDB}"
EndProject
Project("{9A19103F-16F7-4668-BE54-9A1E7A4F7556}") = "Ordering.Domain.Tests", "src\Contexts\Ordering\Domain\Tests\Ordering.Domain.Tests.csproj", "{46F59608-AD45-4E86-A773-52D55099C6F0}"
EndProject
Project("{9A19103F-16F7-4668-BE54-9A1E7A4F7556}") = "Basket.Applications.Tests", "src\Contexts\Basket\Applications\Tests\Basket.Applications.Tests.csproj", "{C60931FC-47BF-498D-8BCB-29F447BA7856}"
EndProject
Global
	GlobalSection(SolutionConfigurationPlatforms) = preSolution
		Debug|Any CPU = Debug|Any CPU
		Release|Any CPU = Release|Any CPU
	EndGlobalSection
	GlobalSection(ProjectConfigurationPlatforms) = postSolution
		{FE991B35-C906-4EBD-8C0B-76C3E1299E03}.Debug|Any CPU.ActiveCfg = Debug|Any CPU
		{FE991B35-C906-4EBD-8C0B-76C3E1299E03}.Debug|Any CPU.Build.0 = Debug|Any CPU
		{FE991B35-C906-4EBD-8C0B-76C3E1299E03}.Release|Any CPU.ActiveCfg = Release|Any CPU
		{FE991B35-C906-4EBD-8C0B-76C3E1299E03}.Release|Any CPU.Build.0 = Release|Any CPU
		{554E65A4-012E-48BA-A8A8-A330AA40D160}.Debug|Any CPU.ActiveCfg = Debug|Any CPU
		{554E65A4-012E-48BA-A8A8-A330AA40D160}.Debug|Any CPU.Build.0 = Debug|Any CPU
		{554E65A4-012E-48BA-A8A8-A330AA40D160}.Release|Any CPU.ActiveCfg = Release|Any CPU
		{554E65A4-012E-48BA-A8A8-A330AA40D160}.Release|Any CPU.Build.0 = Release|Any CPU
		{B2A1CCAA-1183-48C1-8E66-2C0E088F3C46}.Debug|Any CPU.ActiveCfg = Debug|Any CPU
		{B2A1CCAA-1183-48C1-8E66-2C0E088F3C46}.Debug|Any CPU.Build.0 = Debug|Any CPU
		{B2A1CCAA-1183-48C1-8E66-2C0E088F3C46}.Release|Any CPU.ActiveCfg = Release|Any CPU
		{B2A1CCAA-1183-48C1-8E66-2C0E088F3C46}.Release|Any CPU.Build.0 = Release|Any CPU
		{B507BF61-820E-40BE-B395-A065A30E9F48}.Debug|Any CPU.ActiveCfg = Debug|Any CPU
		{B507BF61-820E-40BE-B395-A065A30E9F48}.Debug|Any CPU.Build.0 = Debug|Any CPU
		{B507BF61-820E-40BE-B395-A065A30E9F48}.Release|Any CPU.ActiveCfg = Release|Any CPU
		{B507BF61-820E-40BE-B395-A065A30E9F48}.Release|Any CPU.Build.0 = Release|Any CPU
		{F217B750-6FDC-4258-8179-8DCB57EDF5DB}.Debug|Any CPU.ActiveCfg = Debug|Any CPU
		{F217B750-6FDC-4258-8179-8DCB57EDF5DB}.Debug|Any CPU.Build.0 = Debug|Any CPU
		{F217B750-6FDC-4258-8179-8DCB57EDF5DB}.Release|Any CPU.ActiveCfg = Release|Any CPU
		{F217B750-6FDC-4258-8179-8DCB57EDF5DB}.Release|Any CPU.Build.0 = Release|Any CPU
		{7EA459D7-C1C6-43AF-B05B-A9BC6D310B13}.Debug|Any CPU.ActiveCfg = Debug|Any CPU
		{7EA459D7-C1C6-43AF-B05B-A9BC6D310B13}.Debug|Any CPU.Build.0 = Debug|Any CPU
		{7EA459D7-C1C6-43AF-B05B-A9BC6D310B13}.Release|Any CPU.ActiveCfg = Release|Any CPU
		{7EA459D7-C1C6-43AF-B05B-A9BC6D310B13}.Release|Any CPU.Build.0 = Release|Any CPU
		{555FF48B-0E66-406D-AB7F-FAD4E2D733B8}.Debug|Any CPU.ActiveCfg = Debug|Any CPU
		{555FF48B-0E66-406D-AB7F-FAD4E2D733B8}.Debug|Any CPU.Build.0 = Debug|Any CPU
		{555FF48B-0E66-406D-AB7F-FAD4E2D733B8}.Release|Any CPU.ActiveCfg = Release|Any CPU
		{555FF48B-0E66-406D-AB7F-FAD4E2D733B8}.Release|Any CPU.Build.0 = Release|Any CPU
		{0C6D93D6-908A-4CAB-9394-6C140F8874C8}.Debug|Any CPU.ActiveCfg = Debug|Any CPU
		{0C6D93D6-908A-4CAB-9394-6C140F8874C8}.Debug|Any CPU.Build.0 = Debug|Any CPU
		{0C6D93D6-908A-4CAB-9394-6C140F8874C8}.Release|Any CPU.ActiveCfg = Release|Any CPU
		{0C6D93D6-908A-4CAB-9394-6C140F8874C8}.Release|Any CPU.Build.0 = Release|Any CPU
		{D71B2A35-FA4F-445E-B037-FFBBDF16712B}.Debug|Any CPU.ActiveCfg = Debug|Any CPU
		{D71B2A35-FA4F-445E-B037-FFBBDF16712B}.Debug|Any CPU.Build.0 = Debug|Any CPU
		{D71B2A35-FA4F-445E-B037-FFBBDF16712B}.Release|Any CPU.ActiveCfg = Release|Any CPU
		{D71B2A35-FA4F-445E-B037-FFBBDF16712B}.Release|Any CPU.Build.0 = Release|Any CPU
		{32365E26-0A6A-4A38-87F2-448CD3DD0109}.Debug|Any CPU.ActiveCfg = Debug|Any CPU
		{32365E26-0A6A-4A38-87F2-448CD3DD0109}.Debug|Any CPU.Build.0 = Debug|Any CPU
		{32365E26-0A6A-4A38-87F2-448CD3DD0109}.Release|Any CPU.ActiveCfg = Release|Any CPU
		{32365E26-0A6A-4A38-87F2-448CD3DD0109}.Release|Any CPU.Build.0 = Release|Any CPU
		{DA4A2ECC-C7D2-42C4-B45D-FF5625C0987F}.Debug|Any CPU.ActiveCfg = Debug|Any CPU
		{DA4A2ECC-C7D2-42C4-B45D-FF5625C0987F}.Debug|Any CPU.Build.0 = Debug|Any CPU
		{DA4A2ECC-C7D2-42C4-B45D-FF5625C0987F}.Release|Any CPU.ActiveCfg = Release|Any CPU
		{DA4A2ECC-C7D2-42C4-B45D-FF5625C0987F}.Release|Any CPU.Build.0 = Release|Any CPU
		{892302F8-0ED6-4576-943A-AA64E0C0EF6E}.Debug|Any CPU.ActiveCfg = Debug|Any CPU
		{892302F8-0ED6-4576-943A-AA64E0C0EF6E}.Debug|Any CPU.Build.0 = Debug|Any CPU
		{892302F8-0ED6-4576-943A-AA64E0C0EF6E}.Release|Any CPU.ActiveCfg = Release|Any CPU
		{892302F8-0ED6-4576-943A-AA64E0C0EF6E}.Release|Any CPU.Build.0 = Release|Any CPU
		{19081293-5EEB-4D56-B22B-A7BA8BA283BD}.Debug|Any CPU.ActiveCfg = Debug|Any CPU
		{19081293-5EEB-4D56-B22B-A7BA8BA283BD}.Debug|Any CPU.Build.0 = Debug|Any CPU
		{19081293-5EEB-4D56-B22B-A7BA8BA283BD}.Release|Any CPU.ActiveCfg = Release|Any CPU
		{19081293-5EEB-4D56-B22B-A7BA8BA283BD}.Release|Any CPU.Build.0 = Release|Any CPU
		{93BC5D37-8AC2-4D0C-A151-1918E9DC692C}.Debug|Any CPU.ActiveCfg = Debug|Any CPU
		{93BC5D37-8AC2-4D0C-A151-1918E9DC692C}.Debug|Any CPU.Build.0 = Debug|Any CPU
		{93BC5D37-8AC2-4D0C-A151-1918E9DC692C}.Release|Any CPU.ActiveCfg = Release|Any CPU
		{93BC5D37-8AC2-4D0C-A151-1918E9DC692C}.Release|Any CPU.Build.0 = Release|Any CPU
		{3854409B-CA8B-40C8-922E-3DD724018796}.Debug|Any CPU.ActiveCfg = Debug|Any CPU
		{3854409B-CA8B-40C8-922E-3DD724018796}.Debug|Any CPU.Build.0 = Debug|Any CPU
		{3854409B-CA8B-40C8-922E-3DD724018796}.Release|Any CPU.ActiveCfg = Release|Any CPU
		{3854409B-CA8B-40C8-922E-3DD724018796}.Release|Any CPU.Build.0 = Release|Any CPU
		{9CE8ADA2-F197-4B41-BFE0-C0B397E3BB3F}.Debug|Any CPU.ActiveCfg = Debug|Any CPU
		{9CE8ADA2-F197-4B41-BFE0-C0B397E3BB3F}.Debug|Any CPU.Build.0 = Debug|Any CPU
		{9CE8ADA2-F197-4B41-BFE0-C0B397E3BB3F}.Release|Any CPU.ActiveCfg = Release|Any CPU
		{9CE8ADA2-F197-4B41-BFE0-C0B397E3BB3F}.Release|Any CPU.Build.0 = Release|Any CPU
		{3069AD43-D623-4382-BF9E-63B4B7939E01}.Debug|Any CPU.ActiveCfg = Debug|Any CPU
		{3069AD43-D623-4382-BF9E-63B4B7939E01}.Debug|Any CPU.Build.0 = Debug|Any CPU
		{3069AD43-D623-4382-BF9E-63B4B7939E01}.Release|Any CPU.ActiveCfg = Release|Any CPU
		{3069AD43-D623-4382-BF9E-63B4B7939E01}.Release|Any CPU.Build.0 = Release|Any CPU
		{0D8F55D6-4598-4E90-9916-20342B2FA6EA}.Debug|Any CPU.ActiveCfg = Debug|Any CPU
		{0D8F55D6-4598-4E90-9916-20342B2FA6EA}.Debug|Any CPU.Build.0 = Debug|Any CPU
		{0D8F55D6-4598-4E90-9916-20342B2FA6EA}.Release|Any CPU.ActiveCfg = Release|Any CPU
		{0D8F55D6-4598-4E90-9916-20342B2FA6EA}.Release|Any CPU.Build.0 = Release|Any CPU
		{F737A910-8C3C-43F7-8306-C6881C48A2DE}.Debug|Any CPU.ActiveCfg = Debug|Any CPU
		{F737A910-8C3C-43F7-8306-C6881C48A2DE}.Debug|Any CPU.Build.0 = Debug|Any CPU
		{F737A910-8C3C-43F7-8306-C6881C48A2DE}.Release|Any CPU.ActiveCfg = Release|Any CPU
		{F737A910-8C3C-43F7-8306-C6881C48A2DE}.Release|Any CPU.Build.0 = Release|Any CPU
		{D907F992-001E-494A-9013-B078BB997EFC}.Debug|Any CPU.ActiveCfg = Debug|Any CPU
		{D907F992-001E-494A-9013-B078BB997EFC}.Debug|Any CPU.Build.0 = Debug|Any CPU
		{D907F992-001E-494A-9013-B078BB997EFC}.Release|Any CPU.ActiveCfg = Release|Any CPU
		{D907F992-001E-494A-9013-B078BB997EFC}.Release|Any CPU.Build.0 = Release|Any CPU
		{F0C60424-BB5A-40F9-8D4E-A71DDB89590A}.Debug|Any CPU.ActiveCfg = Debug|Any CPU
		{F0C60424-BB5A-40F9-8D4E-A71DDB89590A}.Debug|Any CPU.Build.0 = Debug|Any CPU
		{F0C60424-BB5A-40F9-8D4E-A71DDB89590A}.Release|Any CPU.ActiveCfg = Release|Any CPU
		{F0C60424-BB5A-40F9-8D4E-A71DDB89590A}.Release|Any CPU.Build.0 = Release|Any CPU
		{20BA7A09-093A-4542-B92B-44EBB583E95A}.Debug|Any CPU.ActiveCfg = Debug|Any CPU
		{20BA7A09-093A-4542-B92B-44EBB583E95A}.Debug|Any CPU.Build.0 = Debug|Any CPU
		{20BA7A09-093A-4542-B92B-44EBB583E95A}.Release|Any CPU.ActiveCfg = Release|Any CPU
		{20BA7A09-093A-4542-B92B-44EBB583E95A}.Release|Any CPU.Build.0 = Release|Any CPU
		{7605C676-A389-4C8A-9689-9D8EAF38FA83}.Debug|Any CPU.ActiveCfg = Debug|Any CPU
		{7605C676-A389-4C8A-9689-9D8EAF38FA83}.Debug|Any CPU.Build.0 = Debug|Any CPU
		{7605C676-A389-4C8A-9689-9D8EAF38FA83}.Release|Any CPU.ActiveCfg = Release|Any CPU
		{7605C676-A389-4C8A-9689-9D8EAF38FA83}.Release|Any CPU.Build.0 = Release|Any CPU
		{51CFE7A5-7AB9-4F9A-BC8D-B6C4722260EA}.Debug|Any CPU.ActiveCfg = Debug|Any CPU
		{51CFE7A5-7AB9-4F9A-BC8D-B6C4722260EA}.Debug|Any CPU.Build.0 = Debug|Any CPU
		{51CFE7A5-7AB9-4F9A-BC8D-B6C4722260EA}.Release|Any CPU.ActiveCfg = Release|Any CPU
		{51CFE7A5-7AB9-4F9A-BC8D-B6C4722260EA}.Release|Any CPU.Build.0 = Release|Any CPU
		{D5A17A6F-E20A-4ABE-9944-13C01842D9A4}.Debug|Any CPU.ActiveCfg = Debug|Any CPU
		{D5A17A6F-E20A-4ABE-9944-13C01842D9A4}.Debug|Any CPU.Build.0 = Debug|Any CPU
		{D5A17A6F-E20A-4ABE-9944-13C01842D9A4}.Release|Any CPU.ActiveCfg = Release|Any CPU
		{D5A17A6F-E20A-4ABE-9944-13C01842D9A4}.Release|Any CPU.Build.0 = Release|Any CPU
		{FE108B14-FC55-40F9-97A7-4F2AB1CABDAB}.Debug|Any CPU.ActiveCfg = Debug|Any CPU
		{FE108B14-FC55-40F9-97A7-4F2AB1CABDAB}.Debug|Any CPU.Build.0 = Debug|Any CPU
		{FE108B14-FC55-40F9-97A7-4F2AB1CABDAB}.Release|Any CPU.ActiveCfg = Release|Any CPU
		{FE108B14-FC55-40F9-97A7-4F2AB1CABDAB}.Release|Any CPU.Build.0 = Release|Any CPU
		{B40083FE-4EAA-4CF6-9DF3-2D32C29C3917}.Debug|Any CPU.ActiveCfg = Debug|Any CPU
		{B40083FE-4EAA-4CF6-9DF3-2D32C29C3917}.Debug|Any CPU.Build.0 = Debug|Any CPU
		{B40083FE-4EAA-4CF6-9DF3-2D32C29C3917}.Release|Any CPU.ActiveCfg = Release|Any CPU
		{B40083FE-4EAA-4CF6-9DF3-2D32C29C3917}.Release|Any CPU.Build.0 = Release|Any CPU
		{7BD04F0C-D516-4732-89C0-F740413F2AB7}.Debug|Any CPU.ActiveCfg = Debug|Any CPU
		{7BD04F0C-D516-4732-89C0-F740413F2AB7}.Debug|Any CPU.Build.0 = Debug|Any CPU
		{7BD04F0C-D516-4732-89C0-F740413F2AB7}.Release|Any CPU.ActiveCfg = Release|Any CPU
		{7BD04F0C-D516-4732-89C0-F740413F2AB7}.Release|Any CPU.Build.0 = Release|Any CPU
		{5728E517-8030-4A93-8E6E-D96B0B0F4384}.Debug|Any CPU.ActiveCfg = Debug|Any CPU
		{5728E517-8030-4A93-8E6E-D96B0B0F4384}.Debug|Any CPU.Build.0 = Debug|Any CPU
		{5728E517-8030-4A93-8E6E-D96B0B0F4384}.Release|Any CPU.ActiveCfg = Release|Any CPU
		{5728E517-8030-4A93-8E6E-D96B0B0F4384}.Release|Any CPU.Build.0 = Release|Any CPU
		{CE577103-668E-4720-8D22-806815F548EE}.Debug|Any CPU.ActiveCfg = Debug|Any CPU
		{CE577103-668E-4720-8D22-806815F548EE}.Debug|Any CPU.Build.0 = Debug|Any CPU
		{CE577103-668E-4720-8D22-806815F548EE}.Release|Any CPU.ActiveCfg = Release|Any CPU
		{CE577103-668E-4720-8D22-806815F548EE}.Release|Any CPU.Build.0 = Release|Any CPU
		{5E573295-7D9C-43DB-8CBA-93851DA658E8}.Debug|Any CPU.ActiveCfg = Debug|Any CPU
		{5E573295-7D9C-43DB-8CBA-93851DA658E8}.Debug|Any CPU.Build.0 = Debug|Any CPU
		{5E573295-7D9C-43DB-8CBA-93851DA658E8}.Release|Any CPU.ActiveCfg = Release|Any CPU
		{5E573295-7D9C-43DB-8CBA-93851DA658E8}.Release|Any CPU.Build.0 = Release|Any CPU
		{9CCE523D-BA54-42FE-A5DD-9F582E837AA6}.Debug|Any CPU.ActiveCfg = Debug|Any CPU
		{9CCE523D-BA54-42FE-A5DD-9F582E837AA6}.Debug|Any CPU.Build.0 = Debug|Any CPU
		{9CCE523D-BA54-42FE-A5DD-9F582E837AA6}.Release|Any CPU.ActiveCfg = Release|Any CPU
		{9CCE523D-BA54-42FE-A5DD-9F582E837AA6}.Release|Any CPU.Build.0 = Release|Any CPU
		{7A144A06-1FE9-45AC-85DC-B277919BA575}.Debug|Any CPU.ActiveCfg = Debug|Any CPU
		{7A144A06-1FE9-45AC-85DC-B277919BA575}.Debug|Any CPU.Build.0 = Debug|Any CPU
		{7A144A06-1FE9-45AC-85DC-B277919BA575}.Release|Any CPU.ActiveCfg = Release|Any CPU
		{7A144A06-1FE9-45AC-85DC-B277919BA575}.Release|Any CPU.Build.0 = Release|Any CPU
		{97A48093-52BD-47AE-9DCF-4647DD369E75}.Debug|Any CPU.ActiveCfg = Debug|Any CPU
		{97A48093-52BD-47AE-9DCF-4647DD369E75}.Debug|Any CPU.Build.0 = Debug|Any CPU
		{97A48093-52BD-47AE-9DCF-4647DD369E75}.Release|Any CPU.ActiveCfg = Release|Any CPU
		{97A48093-52BD-47AE-9DCF-4647DD369E75}.Release|Any CPU.Build.0 = Release|Any CPU
		{06DDA9C0-7BA0-4491-A4AA-9F6950630C60}.Debug|Any CPU.ActiveCfg = Debug|Any CPU
		{06DDA9C0-7BA0-4491-A4AA-9F6950630C60}.Debug|Any CPU.Build.0 = Debug|Any CPU
		{06DDA9C0-7BA0-4491-A4AA-9F6950630C60}.Release|Any CPU.ActiveCfg = Release|Any CPU
		{06DDA9C0-7BA0-4491-A4AA-9F6950630C60}.Release|Any CPU.Build.0 = Release|Any CPU
		{72922C23-0B21-479D-A476-A7EB171E2EEE}.Debug|Any CPU.ActiveCfg = Debug|Any CPU
		{72922C23-0B21-479D-A476-A7EB171E2EEE}.Debug|Any CPU.Build.0 = Debug|Any CPU
		{72922C23-0B21-479D-A476-A7EB171E2EEE}.Release|Any CPU.ActiveCfg = Release|Any CPU
		{72922C23-0B21-479D-A476-A7EB171E2EEE}.Release|Any CPU.Build.0 = Release|Any CPU
		{172C7D24-0F4B-426E-9DD1-6B986324EEDE}.Debug|Any CPU.ActiveCfg = Debug|Any CPU
		{172C7D24-0F4B-426E-9DD1-6B986324EEDE}.Debug|Any CPU.Build.0 = Debug|Any CPU
		{172C7D24-0F4B-426E-9DD1-6B986324EEDE}.Release|Any CPU.ActiveCfg = Release|Any CPU
		{172C7D24-0F4B-426E-9DD1-6B986324EEDE}.Release|Any CPU.Build.0 = Release|Any CPU
		{DB51522F-554B-4C84-BBDD-2B4766769D80}.Debug|Any CPU.ActiveCfg = Debug|Any CPU
		{DB51522F-554B-4C84-BBDD-2B4766769D80}.Debug|Any CPU.Build.0 = Debug|Any CPU
		{DB51522F-554B-4C84-BBDD-2B4766769D80}.Release|Any CPU.ActiveCfg = Release|Any CPU
		{DB51522F-554B-4C84-BBDD-2B4766769D80}.Release|Any CPU.Build.0 = Release|Any CPU
		{160E4D22-EA39-4E5B-92F8-2544D8104B45}.Debug|Any CPU.ActiveCfg = Debug|Any CPU
		{160E4D22-EA39-4E5B-92F8-2544D8104B45}.Debug|Any CPU.Build.0 = Debug|Any CPU
		{160E4D22-EA39-4E5B-92F8-2544D8104B45}.Release|Any CPU.ActiveCfg = Release|Any CPU
		{160E4D22-EA39-4E5B-92F8-2544D8104B45}.Release|Any CPU.Build.0 = Release|Any CPU
		{6F173834-2CE8-42D1-A999-19CD38F7A44D}.Debug|Any CPU.ActiveCfg = Debug|Any CPU
		{6F173834-2CE8-42D1-A999-19CD38F7A44D}.Debug|Any CPU.Build.0 = Debug|Any CPU
		{6F173834-2CE8-42D1-A999-19CD38F7A44D}.Release|Any CPU.ActiveCfg = Release|Any CPU
		{6F173834-2CE8-42D1-A999-19CD38F7A44D}.Release|Any CPU.Build.0 = Release|Any CPU
		{A0D40FBA-F864-4E10-8FA2-1CD784B9371F}.Debug|Any CPU.ActiveCfg = Debug|Any CPU
		{A0D40FBA-F864-4E10-8FA2-1CD784B9371F}.Debug|Any CPU.Build.0 = Debug|Any CPU
		{A0D40FBA-F864-4E10-8FA2-1CD784B9371F}.Release|Any CPU.ActiveCfg = Release|Any CPU
		{A0D40FBA-F864-4E10-8FA2-1CD784B9371F}.Release|Any CPU.Build.0 = Release|Any CPU
		{FCF4247A-7D6D-4CC5-BD30-6B994130B6CE}.Debug|Any CPU.ActiveCfg = Debug|Any CPU
		{FCF4247A-7D6D-4CC5-BD30-6B994130B6CE}.Debug|Any CPU.Build.0 = Debug|Any CPU
		{FCF4247A-7D6D-4CC5-BD30-6B994130B6CE}.Release|Any CPU.ActiveCfg = Release|Any CPU
		{FCF4247A-7D6D-4CC5-BD30-6B994130B6CE}.Release|Any CPU.Build.0 = Release|Any CPU
		{1AE7B3A7-E3BA-41D4-AF17-6114798C7680}.Debug|Any CPU.ActiveCfg = Debug|Any CPU
		{1AE7B3A7-E3BA-41D4-AF17-6114798C7680}.Debug|Any CPU.Build.0 = Debug|Any CPU
		{1AE7B3A7-E3BA-41D4-AF17-6114798C7680}.Release|Any CPU.ActiveCfg = Release|Any CPU
		{1AE7B3A7-E3BA-41D4-AF17-6114798C7680}.Release|Any CPU.Build.0 = Release|Any CPU
		{496F20A0-3AA1-4C9C-BFBE-A9ACA215961B}.Debug|Any CPU.ActiveCfg = Debug|Any CPU
		{496F20A0-3AA1-4C9C-BFBE-A9ACA215961B}.Debug|Any CPU.Build.0 = Debug|Any CPU
		{496F20A0-3AA1-4C9C-BFBE-A9ACA215961B}.Release|Any CPU.ActiveCfg = Release|Any CPU
		{496F20A0-3AA1-4C9C-BFBE-A9ACA215961B}.Release|Any CPU.Build.0 = Release|Any CPU
		{2C6647A2-0B7B-4C67-836D-CDC3D8E3CB52}.Debug|Any CPU.ActiveCfg = Debug|Any CPU
		{2C6647A2-0B7B-4C67-836D-CDC3D8E3CB52}.Debug|Any CPU.Build.0 = Debug|Any CPU
		{2C6647A2-0B7B-4C67-836D-CDC3D8E3CB52}.Release|Any CPU.ActiveCfg = Release|Any CPU
		{2C6647A2-0B7B-4C67-836D-CDC3D8E3CB52}.Release|Any CPU.Build.0 = Release|Any CPU
		{6893AF33-F54C-4830-A068-4FCA8B78F9C7}.Debug|Any CPU.ActiveCfg = Debug|Any CPU
		{6893AF33-F54C-4830-A068-4FCA8B78F9C7}.Debug|Any CPU.Build.0 = Debug|Any CPU
		{6893AF33-F54C-4830-A068-4FCA8B78F9C7}.Release|Any CPU.ActiveCfg = Release|Any CPU
		{6893AF33-F54C-4830-A068-4FCA8B78F9C7}.Release|Any CPU.Build.0 = Release|Any CPU
		{EF651CC1-48E8-499A-B82E-CD55C1E12D7E}.Debug|Any CPU.ActiveCfg = Debug|Any CPU
		{EF651CC1-48E8-499A-B82E-CD55C1E12D7E}.Debug|Any CPU.Build.0 = Debug|Any CPU
		{EF651CC1-48E8-499A-B82E-CD55C1E12D7E}.Release|Any CPU.ActiveCfg = Release|Any CPU
		{EF651CC1-48E8-499A-B82E-CD55C1E12D7E}.Release|Any CPU.Build.0 = Release|Any CPU
		{7B5865EC-B525-45C6-A59F-42252D1EEA30}.Debug|Any CPU.ActiveCfg = Debug|Any CPU
		{7B5865EC-B525-45C6-A59F-42252D1EEA30}.Debug|Any CPU.Build.0 = Debug|Any CPU
		{7B5865EC-B525-45C6-A59F-42252D1EEA30}.Release|Any CPU.ActiveCfg = Release|Any CPU
		{7B5865EC-B525-45C6-A59F-42252D1EEA30}.Release|Any CPU.Build.0 = Release|Any CPU
		{3C1B9076-B2B9-46C8-973D-0CA3A3B5B807}.Debug|Any CPU.ActiveCfg = Debug|Any CPU
		{3C1B9076-B2B9-46C8-973D-0CA3A3B5B807}.Debug|Any CPU.Build.0 = Debug|Any CPU
		{3C1B9076-B2B9-46C8-973D-0CA3A3B5B807}.Release|Any CPU.ActiveCfg = Release|Any CPU
		{3C1B9076-B2B9-46C8-973D-0CA3A3B5B807}.Release|Any CPU.Build.0 = Release|Any CPU
		{39451D67-1653-4842-9B25-C2737D7A660F}.Debug|Any CPU.ActiveCfg = Debug|Any CPU
		{39451D67-1653-4842-9B25-C2737D7A660F}.Debug|Any CPU.Build.0 = Debug|Any CPU
		{39451D67-1653-4842-9B25-C2737D7A660F}.Release|Any CPU.ActiveCfg = Release|Any CPU
		{39451D67-1653-4842-9B25-C2737D7A660F}.Release|Any CPU.Build.0 = Release|Any CPU
		{6EC798D4-8557-46ED-8A3D-396FB3C3D8C6}.Debug|Any CPU.ActiveCfg = Debug|Any CPU
		{6EC798D4-8557-46ED-8A3D-396FB3C3D8C6}.Debug|Any CPU.Build.0 = Debug|Any CPU
		{6EC798D4-8557-46ED-8A3D-396FB3C3D8C6}.Release|Any CPU.ActiveCfg = Release|Any CPU
		{6EC798D4-8557-46ED-8A3D-396FB3C3D8C6}.Release|Any CPU.Build.0 = Release|Any CPU
		{26748662-FB09-469E-B405-149FB5F57E9E}.Debug|Any CPU.ActiveCfg = Debug|Any CPU
		{26748662-FB09-469E-B405-149FB5F57E9E}.Debug|Any CPU.Build.0 = Debug|Any CPU
		{26748662-FB09-469E-B405-149FB5F57E9E}.Release|Any CPU.ActiveCfg = Release|Any CPU
		{26748662-FB09-469E-B405-149FB5F57E9E}.Release|Any CPU.Build.0 = Release|Any CPU
		{63E49985-9DEC-4D2B-BDE1-24D62F9C33FF}.Debug|Any CPU.ActiveCfg = Debug|Any CPU
		{63E49985-9DEC-4D2B-BDE1-24D62F9C33FF}.Debug|Any CPU.Build.0 = Debug|Any CPU
		{63E49985-9DEC-4D2B-BDE1-24D62F9C33FF}.Release|Any CPU.ActiveCfg = Release|Any CPU
		{63E49985-9DEC-4D2B-BDE1-24D62F9C33FF}.Release|Any CPU.Build.0 = Release|Any CPU
		{C8A59E14-89E9-453C-AC3E-98EDD51F0FDB}.Debug|Any CPU.ActiveCfg = Debug|Any CPU
		{C8A59E14-89E9-453C-AC3E-98EDD51F0FDB}.Debug|Any CPU.Build.0 = Debug|Any CPU
		{C8A59E14-89E9-453C-AC3E-98EDD51F0FDB}.Release|Any CPU.ActiveCfg = Release|Any CPU
		{C8A59E14-89E9-453C-AC3E-98EDD51F0FDB}.Release|Any CPU.Build.0 = Release|Any CPU
		{46F59608-AD45-4E86-A773-52D55099C6F0}.Debug|Any CPU.ActiveCfg = Debug|Any CPU
		{46F59608-AD45-4E86-A773-52D55099C6F0}.Debug|Any CPU.Build.0 = Debug|Any CPU
		{46F59608-AD45-4E86-A773-52D55099C6F0}.Release|Any CPU.ActiveCfg = Release|Any CPU
		{46F59608-AD45-4E86-A773-52D55099C6F0}.Release|Any CPU.Build.0 = Release|Any CPU
		{C60931FC-47BF-498D-8BCB-29F447BA7856}.Debug|Any CPU.ActiveCfg = Debug|Any CPU
		{C60931FC-47BF-498D-8BCB-29F447BA7856}.Debug|Any CPU.Build.0 = Debug|Any CPU
		{C60931FC-47BF-498D-8BCB-29F447BA7856}.Release|Any CPU.ActiveCfg = Release|Any CPU
		{C60931FC-47BF-498D-8BCB-29F447BA7856}.Release|Any CPU.Build.0 = Release|Any CPU
	EndGlobalSection
	GlobalSection(SolutionProperties) = preSolution
		HideSolutionNode = FALSE
	EndGlobalSection
	GlobalSection(NestedProjects) = preSolution
		{495D7C2A-F1B5-459E-955E-BE5302BB050F} = {DA850A05-CE02-4929-B583-F8F6E42482C7}
		{B5581F10-6B8C-4FF0-8190-F15EC2401631} = {495D7C2A-F1B5-459E-955E-BE5302BB050F}
		{CD58E233-E690-4074-844C-09EE929B3178} = {495D7C2A-F1B5-459E-955E-BE5302BB050F}
		{48905613-58A4-4128-8EDA-2121CBF73027} = {495D7C2A-F1B5-459E-955E-BE5302BB050F}
		{A65E4799-FD47-4C32-9A1F-D7EE06B7621E} = {DA850A05-CE02-4929-B583-F8F6E42482C7}
		{C49D8BBF-59E3-4DD3-943C-0DB776FDD9DF} = {A65E4799-FD47-4C32-9A1F-D7EE06B7621E}
		{5BA93D3D-814F-4642-8FCE-20BA5A12F723} = {A65E4799-FD47-4C32-9A1F-D7EE06B7621E}
		{C22D5624-676F-4C4A-89CB-628F7168C9F2} = {A65E4799-FD47-4C32-9A1F-D7EE06B7621E}
		{420E428A-C31D-4528-8BD8-6152E0EE5937} = {DA850A05-CE02-4929-B583-F8F6E42482C7}
		{96856DD7-D249-4A03-BE71-746E974B1713} = {420E428A-C31D-4528-8BD8-6152E0EE5937}
		{EECF3AE9-7073-4149-AEE6-B30C185E5CEE} = {420E428A-C31D-4528-8BD8-6152E0EE5937}
		{F85BC3EC-0710-4790-A542-3FEAAB157913} = {420E428A-C31D-4528-8BD8-6152E0EE5937}
		{47DC6ADA-C2B0-4DCA-8F13-2305B854A125} = {DA850A05-CE02-4929-B583-F8F6E42482C7}
		{1FE2BBB4-F76D-4BDA-8E3C-3EE8238182E3} = {47DC6ADA-C2B0-4DCA-8F13-2305B854A125}
		{2038227E-0670-4ECF-93B2-9B3E9B217841} = {47DC6ADA-C2B0-4DCA-8F13-2305B854A125}
		{93BDE6D2-FDB2-4DD0-9188-1B622F8A4217} = {47DC6ADA-C2B0-4DCA-8F13-2305B854A125}
		{2BAF0445-EA4D-408E-A59D-ABCF5014A954} = {DA850A05-CE02-4929-B583-F8F6E42482C7}
		{886A5089-36F0-4419-AF0A-1D240C30F4A3} = {2BAF0445-EA4D-408E-A59D-ABCF5014A954}
		{ABE1D4D6-08AC-411F-8CED-F5B689769B32} = {2BAF0445-EA4D-408E-A59D-ABCF5014A954}
		{5E9DB0E7-3B32-48C0-9889-0D4F271804DE} = {2BAF0445-EA4D-408E-A59D-ABCF5014A954}
		{A8241C9E-0452-4E85-B8E3-246CF4E9FAA0} = {DA850A05-CE02-4929-B583-F8F6E42482C7}
		{F4049CBB-4735-4BEF-99E5-E49EC494F41C} = {A8241C9E-0452-4E85-B8E3-246CF4E9FAA0}
		{5305EA5C-8C99-4B17-B19E-4C4C12B98045} = {A8241C9E-0452-4E85-B8E3-246CF4E9FAA0}
		{EC951EAD-3F42-4983-B0E2-DD66E15944C7} = {A8241C9E-0452-4E85-B8E3-246CF4E9FAA0}
		{F04D5FB8-0F66-4CB6-A1CB-5E7233E06A8A} = {DA850A05-CE02-4929-B583-F8F6E42482C7}
		{2A8C2A7F-90CC-4640-A99B-C6D240DCDD21} = {F04D5FB8-0F66-4CB6-A1CB-5E7233E06A8A}
		{BEB0503A-0C64-4C2B-B078-926470B83ABB} = {F04D5FB8-0F66-4CB6-A1CB-5E7233E06A8A}
		{4DE5E812-850D-47D8-90AC-2A853D399947} = {F04D5FB8-0F66-4CB6-A1CB-5E7233E06A8A}
		{554E65A4-012E-48BA-A8A8-A330AA40D160} = {CD58E233-E690-4074-844C-09EE929B3178}
		{B2A1CCAA-1183-48C1-8E66-2C0E088F3C46} = {CD58E233-E690-4074-844C-09EE929B3178}
		{B507BF61-820E-40BE-B395-A065A30E9F48} = {495D7C2A-F1B5-459E-955E-BE5302BB050F}
		{F217B750-6FDC-4258-8179-8DCB57EDF5DB} = {48905613-58A4-4128-8EDA-2121CBF73027}
		{7EA459D7-C1C6-43AF-B05B-A9BC6D310B13} = {5BA93D3D-814F-4642-8FCE-20BA5A12F723}
		{555FF48B-0E66-406D-AB7F-FAD4E2D733B8} = {5BA93D3D-814F-4642-8FCE-20BA5A12F723}
		{0C6D93D6-908A-4CAB-9394-6C140F8874C8} = {A65E4799-FD47-4C32-9A1F-D7EE06B7621E}
		{D71B2A35-FA4F-445E-B037-FFBBDF16712B} = {C22D5624-676F-4C4A-89CB-628F7168C9F2}
		{32365E26-0A6A-4A38-87F2-448CD3DD0109} = {EECF3AE9-7073-4149-AEE6-B30C185E5CEE}
		{DA4A2ECC-C7D2-42C4-B45D-FF5625C0987F} = {EECF3AE9-7073-4149-AEE6-B30C185E5CEE}
		{892302F8-0ED6-4576-943A-AA64E0C0EF6E} = {F85BC3EC-0710-4790-A542-3FEAAB157913}
		{19081293-5EEB-4D56-B22B-A7BA8BA283BD} = {420E428A-C31D-4528-8BD8-6152E0EE5937}
		{93BC5D37-8AC2-4D0C-A151-1918E9DC692C} = {2038227E-0670-4ECF-93B2-9B3E9B217841}
		{3854409B-CA8B-40C8-922E-3DD724018796} = {2038227E-0670-4ECF-93B2-9B3E9B217841}
		{9CE8ADA2-F197-4B41-BFE0-C0B397E3BB3F} = {93BDE6D2-FDB2-4DD0-9188-1B622F8A4217}
		{3069AD43-D623-4382-BF9E-63B4B7939E01} = {47DC6ADA-C2B0-4DCA-8F13-2305B854A125}
		{0D8F55D6-4598-4E90-9916-20342B2FA6EA} = {2BAF0445-EA4D-408E-A59D-ABCF5014A954}
		{F737A910-8C3C-43F7-8306-C6881C48A2DE} = {ABE1D4D6-08AC-411F-8CED-F5B689769B32}
		{D907F992-001E-494A-9013-B078BB997EFC} = {ABE1D4D6-08AC-411F-8CED-F5B689769B32}
		{F0C60424-BB5A-40F9-8D4E-A71DDB89590A} = {5E9DB0E7-3B32-48C0-9889-0D4F271804DE}
		{20BA7A09-093A-4542-B92B-44EBB583E95A} = {A8241C9E-0452-4E85-B8E3-246CF4E9FAA0}
		{7605C676-A389-4C8A-9689-9D8EAF38FA83} = {5305EA5C-8C99-4B17-B19E-4C4C12B98045}
		{51CFE7A5-7AB9-4F9A-BC8D-B6C4722260EA} = {5305EA5C-8C99-4B17-B19E-4C4C12B98045}
		{D5A17A6F-E20A-4ABE-9944-13C01842D9A4} = {EC951EAD-3F42-4983-B0E2-DD66E15944C7}
		{FE108B14-FC55-40F9-97A7-4F2AB1CABDAB} = {F04D5FB8-0F66-4CB6-A1CB-5E7233E06A8A}
		{B40083FE-4EAA-4CF6-9DF3-2D32C29C3917} = {4DE5E812-850D-47D8-90AC-2A853D399947}
		{7BD04F0C-D516-4732-89C0-F740413F2AB7} = {BEB0503A-0C64-4C2B-B078-926470B83ABB}
		{5728E517-8030-4A93-8E6E-D96B0B0F4384} = {BEB0503A-0C64-4C2B-B078-926470B83ABB}
		{CE577103-668E-4720-8D22-806815F548EE} = {B5581F10-6B8C-4FF0-8190-F15EC2401631}
		{5E573295-7D9C-43DB-8CBA-93851DA658E8} = {C49D8BBF-59E3-4DD3-943C-0DB776FDD9DF}
		{9CCE523D-BA54-42FE-A5DD-9F582E837AA6} = {C49D8BBF-59E3-4DD3-943C-0DB776FDD9DF}
		{7A144A06-1FE9-45AC-85DC-B277919BA575} = {96856DD7-D249-4A03-BE71-746E974B1713}
		{97A48093-52BD-47AE-9DCF-4647DD369E75} = {96856DD7-D249-4A03-BE71-746E974B1713}
		{06DDA9C0-7BA0-4491-A4AA-9F6950630C60} = {1FE2BBB4-F76D-4BDA-8E3C-3EE8238182E3}
		{72922C23-0B21-479D-A476-A7EB171E2EEE} = {1FE2BBB4-F76D-4BDA-8E3C-3EE8238182E3}
		{172C7D24-0F4B-426E-9DD1-6B986324EEDE} = {886A5089-36F0-4419-AF0A-1D240C30F4A3}
		{DB51522F-554B-4C84-BBDD-2B4766769D80} = {886A5089-36F0-4419-AF0A-1D240C30F4A3}
		{160E4D22-EA39-4E5B-92F8-2544D8104B45} = {F4049CBB-4735-4BEF-99E5-E49EC494F41C}
		{6F173834-2CE8-42D1-A999-19CD38F7A44D} = {F4049CBB-4735-4BEF-99E5-E49EC494F41C}
		{A0D40FBA-F864-4E10-8FA2-1CD784B9371F} = {E0AE71BF-B993-400C-80CE-3EDBCDA5B0A2}
		{FCF4247A-7D6D-4CC5-BD30-6B994130B6CE} = {E0AE71BF-B993-400C-80CE-3EDBCDA5B0A2}
		{1AE7B3A7-E3BA-41D4-AF17-6114798C7680} = {E0AE71BF-B993-400C-80CE-3EDBCDA5B0A2}
		{496F20A0-3AA1-4C9C-BFBE-A9ACA215961B} = {E0AE71BF-B993-400C-80CE-3EDBCDA5B0A2}
		{EDB559B7-2629-4651-A896-57D227818E39} = {DA850A05-CE02-4929-B583-F8F6E42482C7}
		{4B8385F7-265A-4CBD-9663-4FEBC57B83AF} = {EDB559B7-2629-4651-A896-57D227818E39}
		{6A958E6B-6017-4716-BFAC-557035213FE4} = {EDB559B7-2629-4651-A896-57D227818E39}
		{71F2EB8D-5857-497F-AE54-E4DA2F8A112D} = {EDB559B7-2629-4651-A896-57D227818E39}
		{2C6647A2-0B7B-4C67-836D-CDC3D8E3CB52} = {EDB559B7-2629-4651-A896-57D227818E39}
		{6893AF33-F54C-4830-A068-4FCA8B78F9C7} = {71F2EB8D-5857-497F-AE54-E4DA2F8A112D}
		{EF651CC1-48E8-499A-B82E-CD55C1E12D7E} = {6A958E6B-6017-4716-BFAC-557035213FE4}
		{7B5865EC-B525-45C6-A59F-42252D1EEA30} = {6A958E6B-6017-4716-BFAC-557035213FE4}
		{3C1B9076-B2B9-46C8-973D-0CA3A3B5B807} = {4B8385F7-265A-4CBD-9663-4FEBC57B83AF}
		{39451D67-1653-4842-9B25-C2737D7A660F} = {B5581F10-6B8C-4FF0-8190-F15EC2401631}
		{6EC798D4-8557-46ED-8A3D-396FB3C3D8C6} = {2A8C2A7F-90CC-4640-A99B-C6D240DCDD21}
		{26748662-FB09-469E-B405-149FB5F57E9E} = {5BA93D3D-814F-4642-8FCE-20BA5A12F723}
		{63E49985-9DEC-4D2B-BDE1-24D62F9C33FF} = {CD58E233-E690-4074-844C-09EE929B3178}
		{C8A59E14-89E9-453C-AC3E-98EDD51F0FDB} = {EECF3AE9-7073-4149-AEE6-B30C185E5CEE}
		{46F59608-AD45-4E86-A773-52D55099C6F0} = {5305EA5C-8C99-4B17-B19E-4C4C12B98045}
		{C60931FC-47BF-498D-8BCB-29F447BA7856} = {B5581F10-6B8C-4FF0-8190-F15EC2401631}
	EndGlobalSection
	GlobalSection(ExtensibilityGlobals) = postSolution
		SolutionGuid = {4E0FE21F-D8B6-4D1E-85B5-9B2A2EFBEDAE}
	EndGlobalSection
EndGlobal
